// !$*UTF8*$!
{
	archiveVersion = 1;
	classes = {
	};
	objectVersion = 48;
	objects = {

/* Begin PBXBuildFile section */
		14167DD5217C66670077D063 /* AppDelegate.m in Sources */ = {isa = PBXBuildFile; fileRef = 14167DD4217C66670077D063 /* AppDelegate.m */; };
		14167DD8217C66670077D063 /* ViewController.m in Sources */ = {isa = PBXBuildFile; fileRef = 14167DD7217C66670077D063 /* ViewController.m */; };
		14167DDB217C66670077D063 /* Main.storyboard in Resources */ = {isa = PBXBuildFile; fileRef = 14167DD9217C66670077D063 /* Main.storyboard */; };
		14167DDE217C66670077D063 /* sampleMvc.xcdatamodeld in Sources */ = {isa = PBXBuildFile; fileRef = 14167DDC217C66670077D063 /* sampleMvc.xcdatamodeld */; };
		14167DE0217C66670077D063 /* Assets.xcassets in Resources */ = {isa = PBXBuildFile; fileRef = 14167DDF217C66670077D063 /* Assets.xcassets */; };
		14167DE3217C66670077D063 /* LaunchScreen.storyboard in Resources */ = {isa = PBXBuildFile; fileRef = 14167DE1217C66670077D063 /* LaunchScreen.storyboard */; };
		14167DE6217C66670077D063 /* main.m in Sources */ = {isa = PBXBuildFile; fileRef = 14167DE5217C66670077D063 /* main.m */; };
		14167DF0217C66670077D063 /* sampleMvcTests.m in Sources */ = {isa = PBXBuildFile; fileRef = 14167DEF217C66670077D063 /* sampleMvcTests.m */; };
/* End PBXBuildFile section */

/* Begin PBXContainerItemProxy section */
		14167DEC217C66670077D063 /* PBXContainerItemProxy */ = {
			isa = PBXContainerItemProxy;
			containerPortal = 14167DC8217C66670077D063 /* Project object */;
			proxyType = 1;
			remoteGlobalIDString = 14167DCF217C66670077D063;
			remoteInfo = sampleMvc;
		};
/* End PBXContainerItemProxy section */

/* Begin PBXFileReference section */
		14167DD0217C66670077D063 /* sampleMvc.app */ = {isa = PBXFileReference; explicitFileType = wrapper.application; includeInIndex = 0; path = sampleMvc.app; sourceTree = BUILT_PRODUCTS_DIR; };
		14167DD3217C66670077D063 /* AppDelegate.h */ = {isa = PBXFileReference; lastKnownFileType = sourcecode.c.h; path = AppDelegate.h; sourceTree = "<group>"; };
		14167DD4217C66670077D063 /* AppDelegate.m */ = {isa = PBXFileReference; lastKnownFileType = sourcecode.c.objc; path = AppDelegate.m; sourceTree = "<group>"; };
		14167DD6217C66670077D063 /* ViewController.h */ = {isa = PBXFileReference; lastKnownFileType = sourcecode.c.h; path = ViewController.h; sourceTree = "<group>"; };
		14167DD7217C66670077D063 /* ViewController.m */ = {isa = PBXFileReference; lastKnownFileType = sourcecode.c.objc; path = ViewController.m; sourceTree = "<group>"; };
		14167DDA217C66670077D063 /* Base */ = {isa = PBXFileReference; lastKnownFileType = file.storyboard; name = Base; path = Base.lproj/Main.storyboard; sourceTree = "<group>"; };
		14167DDD217C66670077D063 /* sampleMvc.xcdatamodel */ = {isa = PBXFileReference; lastKnownFileType = wrapper.xcdatamodel; path = sampleMvc.xcdatamodel; sourceTree = "<group>"; };
		14167DDF217C66670077D063 /* Assets.xcassets */ = {isa = PBXFileReference; lastKnownFileType = folder.assetcatalog; path = Assets.xcassets; sourceTree = "<group>"; };
		14167DE2217C66670077D063 /* Base */ = {isa = PBXFileReference; lastKnownFileType = file.storyboard; name = Base; path = Base.lproj/LaunchScreen.storyboard; sourceTree = "<group>"; };
		14167DE4217C66670077D063 /* Info.plist */ = {isa = PBXFileReference; lastKnownFileType = text.plist.xml; path = Info.plist; sourceTree = "<group>"; };
		14167DE5217C66670077D063 /* main.m */ = {isa = PBXFileReference; lastKnownFileType = sourcecode.c.objc; path = main.m; sourceTree = "<group>"; };
		14167DEB217C66670077D063 /* sampleMvcTests.xctest */ = {isa = PBXFileReference; explicitFileType = wrapper.cfbundle; includeInIndex = 0; path = sampleMvcTests.xctest; sourceTree = BUILT_PRODUCTS_DIR; };
		14167DEF217C66670077D063 /* sampleMvcTests.m */ = {isa = PBXFileReference; lastKnownFileType = sourcecode.c.objc; path = sampleMvcTests.m; sourceTree = "<group>"; };
		14167DF1217C66670077D063 /* Info.plist */ = {isa = PBXFileReference; lastKnownFileType = text.plist.xml; path = Info.plist; sourceTree = "<group>"; };
/* End PBXFileReference section */

/* Begin PBXFrameworksBuildPhase section */
		14167DCD217C66670077D063 /* Frameworks */ = {
			isa = PBXFrameworksBuildPhase;
			buildActionMask = 2147483647;
			files = (
			);
			runOnlyForDeploymentPostprocessing = 0;
		};
		14167DE8217C66670077D063 /* Frameworks */ = {
			isa = PBXFrameworksBuildPhase;
			buildActionMask = 2147483647;
			files = (
			);
			runOnlyForDeploymentPostprocessing = 0;
		};
/* End PBXFrameworksBuildPhase section */

/* Begin PBXGroup section */
		14167DC7217C66670077D063 = {
			isa = PBXGroup;
			children = (
				14167DD2217C66670077D063 /* sampleMvc */,
				14167DEE217C66670077D063 /* sampleMvcTests */,
				14167DD1217C66670077D063 /* Products */,
			);
			sourceTree = "<group>";
		};
		14167DD1217C66670077D063 /* Products */ = {
			isa = PBXGroup;
			children = (
				14167DD0217C66670077D063 /* sampleMvc.app */,
				14167DEB217C66670077D063 /* sampleMvcTests.xctest */,
			);
			name = Products;
			sourceTree = "<group>";
		};
		14167DD2217C66670077D063 /* sampleMvc */ = {
			isa = PBXGroup;
			children = (
				14167DD3217C66670077D063 /* AppDelegate.h */,
				14167DD4217C66670077D063 /* AppDelegate.m */,
				14167DD6217C66670077D063 /* ViewController.h */,
				14167DD7217C66670077D063 /* ViewController.m */,
				14167DD9217C66670077D063 /* Main.storyboard */,
				14167DDF217C66670077D063 /* Assets.xcassets */,
				14167DE1217C66670077D063 /* LaunchScreen.storyboard */,
				14167DE4217C66670077D063 /* Info.plist */,
				14167DE5217C66670077D063 /* main.m */,
				14167DDC217C66670077D063 /* sampleMvc.xcdatamodeld */,
			);
			path = sampleMvc;
			sourceTree = "<group>";
		};
		14167DEE217C66670077D063 /* sampleMvcTests */ = {
			isa = PBXGroup;
			children = (
				14167DEF217C66670077D063 /* sampleMvcTests.m */,
				14167DF1217C66670077D063 /* Info.plist */,
			);
			path = sampleMvcTests;
			sourceTree = "<group>";
		};
/* End PBXGroup section */

/* Begin PBXNativeTarget section */
		14167DCF217C66670077D063 /* sampleMvc */ = {
			isa = PBXNativeTarget;
			buildConfigurationList = 14167DF4217C66670077D063 /* Build configuration list for PBXNativeTarget "sampleMvc" */;
			buildPhases = (
				14167DCC217C66670077D063 /* Sources */,
				14167DCD217C66670077D063 /* Frameworks */,
				14167DCE217C66670077D063 /* Resources */,
			);
			buildRules = (
			);
			dependencies = (
			);
			name = sampleMvc;
			productName = sampleMvc;
			productReference = 14167DD0217C66670077D063 /* sampleMvc.app */;
			productType = "com.apple.product-type.application";
		};
		14167DEA217C66670077D063 /* sampleMvcTests */ = {
			isa = PBXNativeTarget;
			buildConfigurationList = 14167DF7217C66670077D063 /* Build configuration list for PBXNativeTarget "sampleMvcTests" */;
			buildPhases = (
				14167DE7217C66670077D063 /* Sources */,
				14167DE8217C66670077D063 /* Frameworks */,
				14167DE9217C66670077D063 /* Resources */,
			);
			buildRules = (
			);
			dependencies = (
				14167DED217C66670077D063 /* PBXTargetDependency */,
			);
			name = sampleMvcTests;
			productName = sampleMvcTests;
			productReference = 14167DEB217C66670077D063 /* sampleMvcTests.xctest */;
			productType = "com.apple.product-type.bundle.unit-test";
		};
/* End PBXNativeTarget section */

/* Begin PBXProject section */
		14167DC8217C66670077D063 /* Project object */ = {
			isa = PBXProject;
			attributes = {
				LastUpgradeCheck = 0920;
				ORGANIZATIONNAME = rakesh;
				TargetAttributes = {
					14167DCF217C66670077D063 = {
						CreatedOnToolsVersion = 9.2;
						ProvisioningStyle = Automatic;
					};
					14167DEA217C66670077D063 = {
						CreatedOnToolsVersion = 9.2;
						ProvisioningStyle = Automatic;
						TestTargetID = 14167DCF217C66670077D063;
					};
				};
			};
			buildConfigurationList = 14167DCB217C66670077D063 /* Build configuration list for PBXProject "sampleMvc" */;
			compatibilityVersion = "Xcode 8.0";
			developmentRegion = en;
			hasScannedForEncodings = 0;
			knownRegions = (
				en,
				Base,
			);
			mainGroup = 14167DC7217C66670077D063;
			productRefGroup = 14167DD1217C66670077D063 /* Products */;
			projectDirPath = "";
			projectRoot = "";
			targets = (
				14167DCF217C66670077D063 /* sampleMvc */,
				14167DEA217C66670077D063 /* sampleMvcTests */,
			);
		};
/* End PBXProject section */

/* Begin PBXResourcesBuildPhase section */
		14167DCE217C66670077D063 /* Resources */ = {
			isa = PBXResourcesBuildPhase;
			buildActionMask = 2147483647;
			files = (
				14167DE3217C66670077D063 /* LaunchScreen.storyboard in Resources */,
				14167DE0217C66670077D063 /* Assets.xcassets in Resources */,
				14167DDB217C66670077D063 /* Main.storyboard in Resources */,
			);
			runOnlyForDeploymentPostprocessing = 0;
		};
		14167DE9217C66670077D063 /* Resources */ = {
			isa = PBXResourcesBuildPhase;
			buildActionMask = 2147483647;
			files = (
			);
			runOnlyForDeploymentPostprocessing = 0;
		};
/* End PBXResourcesBuildPhase section */

/* Begin PBXSourcesBuildPhase section */
		14167DCC217C66670077D063 /* Sources */ = {
			isa = PBXSourcesBuildPhase;
			buildActionMask = 2147483647;
			files = (
				14167DD8217C66670077D063 /* ViewController.m in Sources */,
				14167DDE217C66670077D063 /* sampleMvc.xcdatamodeld in Sources */,
				14167DE6217C66670077D063 /* main.m in Sources */,
				14167DD5217C66670077D063 /* AppDelegate.m in Sources */,
			);
			runOnlyForDeploymentPostprocessing = 0;
		};
		14167DE7217C66670077D063 /* Sources */ = {
			isa = PBXSourcesBuildPhase;
			buildActionMask = 2147483647;
			files = (
				14167DF0217C66670077D063 /* sampleMvcTests.m in Sources */,
			);
			runOnlyForDeploymentPostprocessing = 0;
		};
/* End PBXSourcesBuildPhase section */

/* Begin PBXTargetDependency section */
		14167DED217C66670077D063 /* PBXTargetDependency */ = {
			isa = PBXTargetDependency;
			target = 14167DCF217C66670077D063 /* sampleMvc */;
			targetProxy = 14167DEC217C66670077D063 /* PBXContainerItemProxy */;
		};
/* End PBXTargetDependency section */

/* Begin PBXVariantGroup section */
		14167DD9217C66670077D063 /* Main.storyboard */ = {
			isa = PBXVariantGroup;
			children = (
				14167DDA217C66670077D063 /* Base */,
			);
			name = Main.storyboard;
			sourceTree = "<group>";
		};
		14167DE1217C66670077D063 /* LaunchScreen.storyboard */ = {
			isa = PBXVariantGroup;
			children = (
				14167DE2217C66670077D063 /* Base */,
			);
			name = LaunchScreen.storyboard;
			sourceTree = "<group>";
		};
/* End PBXVariantGroup section */

/* Begin XCBuildConfiguration section */
		14167DF2217C66670077D063 /* Debug */ = {
			isa = XCBuildConfiguration;
			buildSettings = {
				ALWAYS_SEARCH_USER_PATHS = NO;
				CLANG_ANALYZER_NONNULL = YES;
				CLANG_ANALYZER_NUMBER_OBJECT_CONVERSION = YES_AGGRESSIVE;
				CLANG_CXX_LANGUAGE_STANDARD = "gnu++14";
				CLANG_CXX_LIBRARY = "libc++";
				CLANG_ENABLE_MODULES = YES;
				CLANG_ENABLE_OBJC_ARC = YES;
				CLANG_WARN_BLOCK_CAPTURE_AUTORELEASING = YES;
				CLANG_WARN_BOOL_CONVERSION = YES;
				CLANG_WARN_COMMA = YES;
				CLANG_WARN_CONSTANT_CONVERSION = YES;
				CLANG_WARN_DIRECT_OBJC_ISA_USAGE = YES_ERROR;
				CLANG_WARN_DOCUMENTATION_COMMENTS = YES;
				CLANG_WARN_EMPTY_BODY = YES;
				CLANG_WARN_ENUM_CONVERSION = YES;
				CLANG_WARN_INFINITE_RECURSION = YES;
				CLANG_WARN_INT_CONVERSION = YES;
				CLANG_WARN_NON_LITERAL_NULL_CONVERSION = YES;
				CLANG_WARN_OBJC_LITERAL_CONVERSION = YES;
				CLANG_WARN_OBJC_ROOT_CLASS = YES_ERROR;
				CLANG_WARN_RANGE_LOOP_ANALYSIS = YES;
				CLANG_WARN_STRICT_PROTOTYPES = YES;
				CLANG_WARN_SUSPICIOUS_MOVE = YES;
				CLANG_WARN_UNGUARDED_AVAILABILITY = YES_AGGRESSIVE;
				CLANG_WARN_UNREACHABLE_CODE = YES;
				CLANG_WARN__DUPLICATE_METHOD_MATCH = YES;
				CODE_SIGN_IDENTITY = "iPhone Developer";
				COPY_PHASE_STRIP = NO;
				DEBUG_INFORMATION_FORMAT = dwarf;
				ENABLE_STRICT_OBJC_MSGSEND = YES;
				ENABLE_TESTABILITY = YES;
				GCC_C_LANGUAGE_STANDARD = gnu11;
				GCC_DYNAMIC_NO_PIC = NO;
				GCC_NO_COMMON_BLOCKS = YES;
				GCC_OPTIMIZATION_LEVEL = 0;
				GCC_PREPROCESSOR_DEFINITIONS = (
					"DEBUG=1",
					"$(inherited)",
				);
				GCC_WARN_64_TO_32_BIT_CONVERSION = YES;
				GCC_WARN_ABOUT_RETURN_TYPE = YES_ERROR;
				GCC_WARN_UNDECLARED_SELECTOR = YES;
				GCC_WARN_UNINITIALIZED_AUTOS = YES_AGGRESSIVE;
				GCC_WARN_UNUSED_FUNCTION = YES;
				GCC_WARN_UNUSED_VARIABLE = YES;
				IPHONEOS_DEPLOYMENT_TARGET = 11.2;
				MTL_ENABLE_DEBUG_INFO = YES;
				ONLY_ACTIVE_ARCH = YES;
				SDKROOT = iphoneos;
			};
			name = Debug;
		};
		14167DF3217C66670077D063 /* Release */ = {
			isa = XCBuildConfiguration;
			buildSettings = {
				ALWAYS_SEARCH_USER_PATHS = NO;
				CLANG_ANALYZER_NONNULL = YES;
				CLANG_ANALYZER_NUMBER_OBJECT_CONVERSION = YES_AGGRESSIVE;
				CLANG_CXX_LANGUAGE_STANDARD = "gnu++14";
				CLANG_CXX_LIBRARY = "libc++";
				CLANG_ENABLE_MODULES = YES;
				CLANG_ENABLE_OBJC_ARC = YES;
				CLANG_WARN_BLOCK_CAPTURE_AUTORELEASING = YES;
				CLANG_WARN_BOOL_CONVERSION = YES;
				CLANG_WARN_COMMA = YES;
				CLANG_WARN_CONSTANT_CONVERSION = YES;
				CLANG_WARN_DIRECT_OBJC_ISA_USAGE = YES_ERROR;
				CLANG_WARN_DOCUMENTATION_COMMENTS = YES;
				CLANG_WARN_EMPTY_BODY = YES;
				CLANG_WARN_ENUM_CONVERSION = YES;
				CLANG_WARN_INFINITE_RECURSION = YES;
				CLANG_WARN_INT_CONVERSION = YES;
				CLANG_WARN_NON_LITERAL_NULL_CONVERSION = YES;
				CLANG_WARN_OBJC_LITERAL_CONVERSION = YES;
				CLANG_WARN_OBJC_ROOT_CLASS = YES_ERROR;
				CLANG_WARN_RANGE_LOOP_ANALYSIS = YES;
				CLANG_WARN_STRICT_PROTOTYPES = YES;
				CLANG_WARN_SUSPICIOUS_MOVE = YES;
				CLANG_WARN_UNGUARDED_AVAILABILITY = YES_AGGRESSIVE;
				CLANG_WARN_UNREACHABLE_CODE = YES;
				CLANG_WARN__DUPLICATE_METHOD_MATCH = YES;
				CODE_SIGN_IDENTITY = "iPhone Developer";
				COPY_PHASE_STRIP = NO;
				DEBUG_INFORMATION_FORMAT = "dwarf-with-dsym";
				ENABLE_NS_ASSERTIONS = NO;
				ENABLE_STRICT_OBJC_MSGSEND = YES;
				GCC_C_LANGUAGE_STANDARD = gnu11;
				GCC_NO_COMMON_BLOCKS = YES;
				GCC_WARN_64_TO_32_BIT_CONVERSION = YES;
				GCC_WARN_ABOUT_RETURN_TYPE = YES_ERROR;
				GCC_WARN_UNDECLARED_SELECTOR = YES;
				GCC_WARN_UNINITIALIZED_AUTOS = YES_AGGRESSIVE;
				GCC_WARN_UNUSED_FUNCTION = YES;
				GCC_WARN_UNUSED_VARIABLE = YES;
				IPHONEOS_DEPLOYMENT_TARGET = 11.2;
				MTL_ENABLE_DEBUG_INFO = NO;
				SDKROOT = iphoneos;
				VALIDATE_PRODUCT = YES;
			};
			name = Release;
		};
		14167DF5217C66670077D063 /* Debug */ = {
			isa = XCBuildConfiguration;
			buildSettings = {
				ASSETCATALOG_COMPILER_APPICON_NAME = AppIcon;
				CODE_SIGN_STYLE = Automatic;
				INFOPLIST_FILE = sampleMvc/Info.plist;
				LD_RUNPATH_SEARCH_PATHS = "$(inherited) @executable_path/Frameworks";
				PRODUCT_BUNDLE_IDENTIFIER = com.FF.sampleMvc;
				PRODUCT_NAME = "$(TARGET_NAME)";
				TARGETED_DEVICE_FAMILY = "1,2";
			};
			name = Debug;
		};
		14167DF6217C66670077D063 /* Release */ = {
			isa = XCBuildConfiguration;
			buildSettings = {
				ASSETCATALOG_COMPILER_APPICON_NAME = AppIcon;
				CODE_SIGN_STYLE = Automatic;
				INFOPLIST_FILE = sampleMvc/Info.plist;
				LD_RUNPATH_SEARCH_PATHS = "$(inherited) @executable_path/Frameworks";
				PRODUCT_BUNDLE_IDENTIFIER = com.FF.sampleMvc;
				PRODUCT_NAME = "$(TARGET_NAME)";
				TARGETED_DEVICE_FAMILY = "1,2";
			};
			name = Release;
		};
		14167DF8217C66670077D063 /* Debug */ = {
			isa = XCBuildConfiguration;
			buildSettings = {
				BUNDLE_LOADER = "$(TEST_HOST)";
				CODE_SIGN_STYLE = Automatic;
				INFOPLIST_FILE = sampleMvcTests/Info.plist;
				LD_RUNPATH_SEARCH_PATHS = "$(inherited) @executable_path/Frameworks @loader_path/Frameworks";
				PRODUCT_BUNDLE_IDENTIFIER = com.FF.sampleMvcTests;
				PRODUCT_NAME = "$(TARGET_NAME)";
				TARGETED_DEVICE_FAMILY = "1,2";
				TEST_HOST = "$(BUILT_PRODUCTS_DIR)/sampleMvc.app/sampleMvc";
			};
			name = Debug;
		};
		14167DF9217C66670077D063 /* Release */ = {
			isa = XCBuildConfiguration;
			buildSettings = {
				BUNDLE_LOADER = "$(TEST_HOST)";
				CODE_SIGN_STYLE = Automatic;
				INFOPLIST_FILE = sampleMvcTests/Info.plist;
				LD_RUNPATH_SEARCH_PATHS = "$(inherited) @executable_path/Frameworks @loader_path/Frameworks";
				PRODUCT_BUNDLE_IDENTIFIER = com.FF.sampleMvcTests;
				PRODUCT_NAME = "$(TARGET_NAME)";
				TARGETED_DEVICE_FAMILY = "1,2";
				TEST_HOST = "$(BUILT_PRODUCTS_DIR)/sampleMvc.app/sampleMvc";
			};
			name = Release;
		};
/* End XCBuildConfiguration section */

/* Begin XCConfigurationList section */
		14167DCB217C66670077D063 /* Build configuration list for PBXProject "sampleMvc" */ = {
			isa = XCConfigurationList;
			buildConfigurations = (
				14167DF2217C66670077D063 /* Debug */,
				14167DF3217C66670077D063 /* Release */,
			);
			defaultConfigurationIsVisible = 0;
			defaultConfigurationName = Release;
		};
		14167DF4217C66670077D063 /* Build configuration list for PBXNativeTarget "sampleMvc" */ = {
			isa = XCConfigurationList;
			buildConfigurations = (
				14167DF5217C66670077D063 /* Debug */,
				14167DF6217C66670077D063 /* Release */,
			);
			defaultConfigurationIsVisible = 0;
			defaultConfigurationName = Release;
		};
		14167DF7217C66670077D063 /* Build configuration list for PBXNativeTarget "sampleMvcTests" */ = {
			isa = XCConfigurationList;
			buildConfigurations = (
				14167DF8217C66670077D063 /* Debug */,
				14167DF9217C66670077D063 /* Release */,
			);
			defaultConfigurationIsVisible = 0;
			defaultConfigurationName = Release;
		};
/* End XCConfigurationList section */

/* Begin XCVersionGroup section */
		14167DDC217C66670077D063 /* sampleMvc.xcdatamodeld */ = {
			isa = XCVersionGroup;
			children = (
				14167DDD217C66670077D063 /* sampleMvc.xcdatamodel */,
			);
			currentVersion = 14167DDD217C66670077D063 /* sampleMvc.xcdatamodel */;
			path = sampleMvc.xcdatamodeld;
			sourceTree = "<group>";
			versionGroupType = wrapper.xcdatamodel;
		};
/* End XCVersionGroup section */
	};
	rootObject = 14167DC8217C66670077D063 /* Project object */;
}
